// !$*UTF8*$!
{
	archiveVersion = 1;
	classes = {
	};
	objectVersion = 77;
	objects = {

/* Begin PBXBuildFile section */
		043429BE2F7E413400593579 /* ReadTrackerWatchApp Watch App.app in Embed Watch Content */ = {isa = PBXBuildFile; fileRef = 0434299E2F7E413300593579 /* ReadTrackerWatchApp Watch App.app */; settings = {ATTRIBUTES = (RemoveHeadersOnCopy, ); }; };
		04342A082F7E4C4600593579 /* WatchConnectivity.framework in Frameworks */ = {isa = PBXBuildFile; fileRef = 04342A072F7E4C4600593579 /* WatchConnectivity.framework */; };
		04342A0A2F7E4C5D00593579 /* WatchConnectivity.framework in Frameworks */ = {isa = PBXBuildFile; fileRef = 04342A092F7E4C5D00593579 /* WatchConnectivity.framework */; };
		04C7B4EA2F9A2F700013CF9A /* FirebaseAI in Frameworks */ = {isa = PBXBuildFile; productRef = 04C7B4E92F9A2F700013CF9A /* FirebaseAI */; };
		04C7B4EC2F9A2F700013CF9A /* FirebaseAILogic in Frameworks */ = {isa = PBXBuildFile; productRef = 04C7B4EB2F9A2F700013CF9A /* FirebaseAILogic */; };
		04C7B4EE2F9A2F700013CF9A /* FirebaseAnalytics in Frameworks */ = {isa = PBXBuildFile; productRef = 04C7B4ED2F9A2F700013CF9A /* FirebaseAnalytics */; };
		04C7B4F02F9A2F700013CF9A /* FirebaseAnalyticsCore in Frameworks */ = {isa = PBXBuildFile; productRef = 04C7B4EF2F9A2F700013CF9A /* FirebaseAnalyticsCore */; };
		04C7B4F22F9A2F700013CF9A /* FirebaseAnalyticsIdentitySupport in Frameworks */ = {isa = PBXBuildFile; productRef = 04C7B4F12F9A2F700013CF9A /* FirebaseAnalyticsIdentitySupport */; };
		04C7B4F42F9A2F700013CF9A /* FirebaseAppCheck in Frameworks */ = {isa = PBXBuildFile; productRef = 04C7B4F32F9A2F700013CF9A /* FirebaseAppCheck */; };
		04C7B4F62F9A2F700013CF9A /* FirebaseAppDistribution-Beta in Frameworks */ = {isa = PBXBuildFile; productRef = 04C7B4F52F9A2F700013CF9A /* FirebaseAppDistribution-Beta */; };
		04C7B4F82F9A2F700013CF9A /* FirebaseAuth in Frameworks */ = {isa = PBXBuildFile; productRef = 04C7B4F72F9A2F700013CF9A /* FirebaseAuth */; };
		04C7B4FA2F9A2F700013CF9A /* FirebaseAuthCombine-Community in Frameworks */ = {isa = PBXBuildFile; productRef = 04C7B4F92F9A2F700013CF9A /* FirebaseAuthCombine-Community */; };
		04C7B4FC2F9A2F700013CF9A /* FirebaseCore in Frameworks */ = {isa = PBXBuildFile; productRef = 04C7B4FB2F9A2F700013CF9A /* FirebaseCore */; };
		04C7B4FE2F9A2F700013CF9A /* FirebaseCrashlytics in Frameworks */ = {isa = PBXBuildFile; productRef = 04C7B4FD2F9A2F700013CF9A /* FirebaseCrashlytics */; };
		04C7B5002F9A2F700013CF9A /* FirebaseDatabase in Frameworks */ = {isa = PBXBuildFile; productRef = 04C7B4FF2F9A2F700013CF9A /* FirebaseDatabase */; };
		04C7B5022F9A2F700013CF9A /* FirebaseFirestore in Frameworks */ = {isa = PBXBuildFile; productRef = 04C7B5012F9A2F700013CF9A /* FirebaseFirestore */; };
		04C7B5042F9A2F700013CF9A /* FirebaseFirestoreCombine-Community in Frameworks */ = {isa = PBXBuildFile; productRef = 04C7B5032F9A2F700013CF9A /* FirebaseFirestoreCombine-Community */; };
		04C7B5062F9A2F700013CF9A /* FirebaseFunctions in Frameworks */ = {isa = PBXBuildFile; productRef = 04C7B5052F9A2F700013CF9A /* FirebaseFunctions */; };
		04C7B5082F9A2F700013CF9A /* FirebaseFunctionsCombine-Community in Frameworks */ = {isa = PBXBuildFile; productRef = 04C7B5072F9A2F700013CF9A /* FirebaseFunctionsCombine-Community */; };
		04C7B50A2F9A2F700013CF9A /* FirebaseInAppMessaging-Beta in Frameworks */ = {isa = PBXBuildFile; productRef = 04C7B5092F9A2F700013CF9A /* FirebaseInAppMessaging-Beta */; };
		04C7B50C2F9A2F700013CF9A /* FirebaseInstallations in Frameworks */ = {isa = PBXBuildFile; productRef = 04C7B50B2F9A2F700013CF9A /* FirebaseInstallations */; };
		04C7B50E2F9A2F700013CF9A /* FirebaseMessaging in Frameworks */ = {isa = PBXBuildFile; productRef = 04C7B50D2F9A2F700013CF9A /* FirebaseMessaging */; };
		04C7B5102F9A2F700013CF9A /* FirebaseMLModelDownloader in Frameworks */ = {isa = PBXBuildFile; productRef = 04C7B50F2F9A2F700013CF9A /* FirebaseMLModelDownloader */; };
		04C7B5122F9A2F700013CF9A /* FirebasePerformance in Frameworks */ = {isa = PBXBuildFile; productRef = 04C7B5112F9A2F700013CF9A /* FirebasePerformance */; };
		04C7B5142F9A2F700013CF9A /* FirebaseRemoteConfig in Frameworks */ = {isa = PBXBuildFile; productRef = 04C7B5132F9A2F700013CF9A /* FirebaseRemoteConfig */; };
		04C7B5162F9A2F700013CF9A /* FirebaseStorage in Frameworks */ = {isa = PBXBuildFile; productRef = 04C7B5152F9A2F700013CF9A /* FirebaseStorage */; };
		04C7B5182F9A2F700013CF9A /* FirebaseStorageCombine-Community in Frameworks */ = {isa = PBXBuildFile; productRef = 04C7B5172F9A2F700013CF9A /* FirebaseStorageCombine-Community */; };
/* End PBXBuildFile section */

/* Begin PBXContainerItemProxy section */
		043429AB2F7E413400593579 /* PBXContainerItemProxy */ = {
			isa = PBXContainerItemProxy;
			containerPortal = 048A67772F48395400706A2A /* Project object */;
			proxyType = 1;
			remoteGlobalIDString = 0434299D2F7E413300593579;
			remoteInfo = "ReadTrackerWatchApp Watch App";
		};
		043429B52F7E413400593579 /* PBXContainerItemProxy */ = {
			isa = PBXContainerItemProxy;
			containerPortal = 048A67772F48395400706A2A /* Project object */;
			proxyType = 1;
			remoteGlobalIDString = 0434299D2F7E413300593579;
			remoteInfo = "ReadTrackerWatchApp Watch App";
		};
		043429BC2F7E413400593579 /* PBXContainerItemProxy */ = {
			isa = PBXContainerItemProxy;
			containerPortal = 048A67772F48395400706A2A /* Project object */;
			proxyType = 1;
			remoteGlobalIDString = 0434299D2F7E413300593579;
			remoteInfo = "ReadTrackerWatchApp Watch App";
		};
/* End PBXContainerItemProxy section */

/* Begin PBXCopyFilesBuildPhase section */
		043429C22F7E413400593579 /* Embed Watch Content */ = {
			isa = PBXCopyFilesBuildPhase;
			buildActionMask = 2147483647;
			dstPath = "$(CONTENTS_FOLDER_PATH)/Watch";
			dstSubfolderSpec = 16;
			files = (
				043429BE2F7E413400593579 /* ReadTrackerWatchApp Watch App.app in Embed Watch Content */,
			);
			name = "Embed Watch Content";
			runOnlyForDeploymentPostprocessing = 0;
		};
/* End PBXCopyFilesBuildPhase section */

/* Begin PBXFileReference section */
		0434299E2F7E413300593579 /* ReadTrackerWatchApp Watch App.app */ = {isa = PBXFileReference; explicitFileType = wrapper.application; includeInIndex = 0; path = "ReadTrackerWatchApp Watch App.app"; sourceTree = BUILT_PRODUCTS_DIR; };
		043429AA2F7E413400593579 /* ReadTrackerWatchApp Watch AppTests.xctest */ = {isa = PBXFileReference; explicitFileType = wrapper.cfbundle; includeInIndex = 0; path = "ReadTrackerWatchApp Watch AppTests.xctest"; sourceTree = BUILT_PRODUCTS_DIR; };
		043429B42F7E413400593579 /* ReadTrackerWatchApp Watch AppUITests.xctest */ = {isa = PBXFileReference; explicitFileType = wrapper.cfbundle; includeInIndex = 0; path = "ReadTrackerWatchApp Watch AppUITests.xctest"; sourceTree = BUILT_PRODUCTS_DIR; };
		04342A072F7E4C4600593579 /* WatchConnectivity.framework */ = {isa = PBXFileReference; lastKnownFileType = wrapper.framework; name = WatchConnectivity.framework; path = System/Library/Frameworks/WatchConnectivity.framework; sourceTree = SDKROOT; };
		04342A092F7E4C5D00593579 /* WatchConnectivity.framework */ = {isa = PBXFileReference; lastKnownFileType = wrapper.framework; name = WatchConnectivity.framework; path = Platforms/WatchOS.platform/Developer/SDKs/WatchOS26.2.sdk/System/Library/Frameworks/WatchConnectivity.framework; sourceTree = DEVELOPER_DIR; };
		048A677F2F48395400706A2A /* ReadTracker.app */ = {isa = PBXFileReference; explicitFileType = wrapper.application; includeInIndex = 0; path = ReadTracker.app; sourceTree = BUILT_PRODUCTS_DIR; };
/* End PBXFileReference section */

/* Begin PBXFileSystemSynchronizedBuildFileExceptionSet section */
		04CAFE102F7EA5E100742F9D /* Exceptions for "ReadTracker" folder in "ReadTrackerWatchApp Watch App" target */ = {
			isa = PBXFileSystemSynchronizedBuildFileExceptionSet;
			membershipExceptions = (
				Model/BookModel.swift,
			);
			target = 0434299D2F7E413300593579 /* ReadTrackerWatchApp Watch App */;
		};
/* End PBXFileSystemSynchronizedBuildFileExceptionSet section */

/* Begin PBXFileSystemSynchronizedRootGroup section */
		0434299F2F7E413300593579 /* ReadTrackerWatchApp Watch App */ = {
			isa = PBXFileSystemSynchronizedRootGroup;
			path = "ReadTrackerWatchApp Watch App";
			sourceTree = "<group>";
		};
		043429AD2F7E413400593579 /* ReadTrackerWatchApp Watch AppTests */ = {
			isa = PBXFileSystemSynchronizedRootGroup;
			path = "ReadTrackerWatchApp Watch AppTests";
			sourceTree = "<group>";
		};
		043429B72F7E413400593579 /* ReadTrackerWatchApp Watch AppUITests */ = {
			isa = PBXFileSystemSynchronizedRootGroup;
			path = "ReadTrackerWatchApp Watch AppUITests";
			sourceTree = "<group>";
		};
		048A67812F48395400706A2A /* ReadTracker */ = {
			isa = PBXFileSystemSynchronizedRootGroup;
			exceptions = (
				04CAFE102F7EA5E100742F9D /* Exceptions for "ReadTracker" folder in "ReadTrackerWatchApp Watch App" target */,
			);
			path = ReadTracker;
			sourceTree = "<group>";
		};
/* End PBXFileSystemSynchronizedRootGroup section */

/* Begin PBXFrameworksBuildPhase section */
		0434299B2F7E413300593579 /* Frameworks */ = {
			isa = PBXFrameworksBuildPhase;
			buildActionMask = 2147483647;
			files = (
				04342A0A2F7E4C5D00593579 /* WatchConnectivity.framework in Frameworks */,
			);
			runOnlyForDeploymentPostprocessing = 0;
		};
		043429A72F7E413400593579 /* Frameworks */ = {
			isa = PBXFrameworksBuildPhase;
			buildActionMask = 2147483647;
			files = (
			);
			runOnlyForDeploymentPostprocessing = 0;
		};
		043429B12F7E413400593579 /* Frameworks */ = {
			isa = PBXFrameworksBuildPhase;
			buildActionMask = 2147483647;
			files = (
			);
			runOnlyForDeploymentPostprocessing = 0;
		};
		048A677C2F48395400706A2A /* Frameworks */ = {
			isa = PBXFrameworksBuildPhase;
			buildActionMask = 2147483647;
			files = (
				04C7B5122F9A2F700013CF9A /* FirebasePerformance in Frameworks */,
				04C7B5002F9A2F700013CF9A /* FirebaseDatabase in Frameworks */,
				04C7B5082F9A2F700013CF9A /* FirebaseFunctionsCombine-Community in Frameworks */,
				04C7B4EC2F9A2F700013CF9A /* FirebaseAILogic in Frameworks */,
				04342A082F7E4C4600593579 /* WatchConnectivity.framework in Frameworks */,
				04C7B5162F9A2F700013CF9A /* FirebaseStorage in Frameworks */,
				04C7B5042F9A2F700013CF9A /* FirebaseFirestoreCombine-Community in Frameworks */,
				04C7B4FC2F9A2F700013CF9A /* FirebaseCore in Frameworks */,
				04C7B5102F9A2F700013CF9A /* FirebaseMLModelDownloader in Frameworks */,
				04C7B4F22F9A2F700013CF9A /* FirebaseAnalyticsIdentitySupport in Frameworks */,
				04C7B4F02F9A2F700013CF9A /* FirebaseAnalyticsCore in Frameworks */,
				04C7B50C2F9A2F700013CF9A /* FirebaseInstallations in Frameworks */,
				04C7B4F82F9A2F700013CF9A /* FirebaseAuth in Frameworks */,
				04C7B4F42F9A2F700013CF9A /* FirebaseAppCheck in Frameworks */,
				04C7B4EE2F9A2F700013CF9A /* FirebaseAnalytics in Frameworks */,
				04C7B50E2F9A2F700013CF9A /* FirebaseMessaging in Frameworks */,
				04C7B50A2F9A2F700013CF9A /* FirebaseInAppMessaging-Beta in Frameworks */,
				04C7B4EA2F9A2F700013CF9A /* FirebaseAI in Frameworks */,
				04C7B5062F9A2F700013CF9A /* FirebaseFunctions in Frameworks */,
				04C7B5142F9A2F700013CF9A /* FirebaseRemoteConfig in Frameworks */,
				04C7B4FE2F9A2F700013CF9A /* FirebaseCrashlytics in Frameworks */,
				04C7B4F62F9A2F700013CF9A /* FirebaseAppDistribution-Beta in Frameworks */,
				04C7B5182F9A2F700013CF9A /* FirebaseStorageCombine-Community in Frameworks */,
				04C7B4FA2F9A2F700013CF9A /* FirebaseAuthCombine-Community in Frameworks */,
				04C7B5022F9A2F700013CF9A /* FirebaseFirestore in Frameworks */,
			);
			runOnlyForDeploymentPostprocessing = 0;
		};
/* End PBXFrameworksBuildPhase section */

/* Begin PBXGroup section */
		04342A062F7E4C4500593579 /* Frameworks */ = {
			isa = PBXGroup;
			children = (
				04342A092F7E4C5D00593579 /* WatchConnectivity.framework */,
				04342A072F7E4C4600593579 /* WatchConnectivity.framework */,
			);
			name = Frameworks;
			sourceTree = "<group>";
		};
		048A67762F48395400706A2A = {
			isa = PBXGroup;
			children = (
				048A67812F48395400706A2A /* ReadTracker */,
				0434299F2F7E413300593579 /* ReadTrackerWatchApp Watch App */,
				043429AD2F7E413400593579 /* ReadTrackerWatchApp Watch AppTests */,
				043429B72F7E413400593579 /* ReadTrackerWatchApp Watch AppUITests */,
				04342A062F7E4C4500593579 /* Frameworks */,
				048A67802F48395400706A2A /* Products */,
			);
			sourceTree = "<group>";
		};
		048A67802F48395400706A2A /* Products */ = {
			isa = PBXGroup;
			children = (
				048A677F2F48395400706A2A /* ReadTracker.app */,
				0434299E2F7E413300593579 /* ReadTrackerWatchApp Watch App.app */,
				043429AA2F7E413400593579 /* ReadTrackerWatchApp Watch AppTests.xctest */,
				043429B42F7E413400593579 /* ReadTrackerWatchApp Watch AppUITests.xctest */,
			);
			name = Products;
			sourceTree = "<group>";
		};
/* End PBXGroup section */

/* Begin PBXNativeTarget section */
		0434299D2F7E413300593579 /* ReadTrackerWatchApp Watch App */ = {
			isa = PBXNativeTarget;
			buildConfigurationList = 043429BF2F7E413400593579 /* Build configuration list for PBXNativeTarget "ReadTrackerWatchApp Watch App" */;
			buildPhases = (
				0434299A2F7E413300593579 /* Sources */,
				0434299B2F7E413300593579 /* Frameworks */,
				0434299C2F7E413300593579 /* Resources */,
			);
			buildRules = (
			);
			dependencies = (
			);
			fileSystemSynchronizedGroups = (
				0434299F2F7E413300593579 /* ReadTrackerWatchApp Watch App */,
			);
			name = "ReadTrackerWatchApp Watch App";
			packageProductDependencies = (
			);
			productName = "ReadTrackerWatchApp Watch App";
			productReference = 0434299E2F7E413300593579 /* ReadTrackerWatchApp Watch App.app */;
			productType = "com.apple.product-type.application";
		};
		043429A92F7E413400593579 /* ReadTrackerWatchApp Watch AppTests */ = {
			isa = PBXNativeTarget;
			buildConfigurationList = 043429C32F7E413400593579 /* Build configuration list for PBXNativeTarget "ReadTrackerWatchApp Watch AppTests" */;
			buildPhases = (
				043429A62F7E413400593579 /* Sources */,
				043429A72F7E413400593579 /* Frameworks */,
				043429A82F7E413400593579 /* Resources */,
			);
			buildRules = (
			);
			dependencies = (
				043429AC2F7E413400593579 /* PBXTargetDependency */,
			);
			fileSystemSynchronizedGroups = (
				043429AD2F7E413400593579 /* ReadTrackerWatchApp Watch AppTests */,
			);
			name = "ReadTrackerWatchApp Watch AppTests";
			packageProductDependencies = (
			);
			productName = "ReadTrackerWatchApp Watch AppTests";
			productReference = 043429AA2F7E413400593579 /* ReadTrackerWatchApp Watch AppTests.xctest */;
			productType = "com.apple.product-type.bundle.unit-test";
		};
		043429B32F7E413400593579 /* ReadTrackerWatchApp Watch AppUITests */ = {
			isa = PBXNativeTarget;
			buildConfigurationList = 043429C62F7E413400593579 /* Build configuration list for PBXNativeTarget "ReadTrackerWatchApp Watch AppUITests" */;
			buildPhases = (
				043429B02F7E413400593579 /* Sources */,
				043429B12F7E413400593579 /* Frameworks */,
				043429B22F7E413400593579 /* Resources */,
			);
			buildRules = (
			);
			dependencies = (
				043429B62F7E413400593579 /* PBXTargetDependency */,
			);
			fileSystemSynchronizedGroups = (
				043429B72F7E413400593579 /* ReadTrackerWatchApp Watch AppUITests */,
			);
			name = "ReadTrackerWatchApp Watch AppUITests";
			packageProductDependencies = (
			);
			productName = "ReadTrackerWatchApp Watch AppUITests";
			productReference = 043429B42F7E413400593579 /* ReadTrackerWatchApp Watch AppUITests.xctest */;
			productType = "com.apple.product-type.bundle.ui-testing";
		};
		048A677E2F48395400706A2A /* ReadTracker */ = {
			isa = PBXNativeTarget;
			buildConfigurationList = 048A678A2F48395500706A2A /* Build configuration list for PBXNativeTarget "ReadTracker" */;
			buildPhases = (
				048A677B2F48395400706A2A /* Sources */,
				048A677C2F48395400706A2A /* Frameworks */,
				048A677D2F48395400706A2A /* Resources */,
				043429C22F7E413400593579 /* Embed Watch Content */,
			);
			buildRules = (
			);
			dependencies = (
				04C7B4BA2F9A2EAD0013CF9A /* PBXTargetDependency */,
				04C7B4BC2F9A2EAD0013CF9A /* PBXTargetDependency */,
				04C7B4BE2F9A2EAD0013CF9A /* PBXTargetDependency */,
				04C7B4C02F9A2EAD0013CF9A /* PBXTargetDependency */,
				04C7B4C22F9A2EAD0013CF9A /* PBXTargetDependency */,
				04C7B4C42F9A2EAD0013CF9A /* PBXTargetDependency */,
				04C7B4C62F9A2EAD0013CF9A /* PBXTargetDependency */,
				04C7B4C82F9A2EAD0013CF9A /* PBXTargetDependency */,
				04C7B4CA2F9A2EAD0013CF9A /* PBXTargetDependency */,
				04C7B4CC2F9A2EAD0013CF9A /* PBXTargetDependency */,
				04C7B4CE2F9A2EAD0013CF9A /* PBXTargetDependency */,
				04C7B4D02F9A2EAD0013CF9A /* PBXTargetDependency */,
				04C7B4D22F9A2EAD0013CF9A /* PBXTargetDependency */,
				04C7B4D42F9A2EAD0013CF9A /* PBXTargetDependency */,
				04C7B4D62F9A2EAD0013CF9A /* PBXTargetDependency */,
				04C7B4D82F9A2EAD0013CF9A /* PBXTargetDependency */,
				04C7B4DA2F9A2EAD0013CF9A /* PBXTargetDependency */,
				04C7B4DC2F9A2EAD0013CF9A /* PBXTargetDependency */,
				04C7B4DE2F9A2EAD0013CF9A /* PBXTargetDependency */,
				04C7B4E02F9A2EAD0013CF9A /* PBXTargetDependency */,
				04C7B4E22F9A2EAD0013CF9A /* PBXTargetDependency */,
				04C7B4E42F9A2EAD0013CF9A /* PBXTargetDependency */,
				04C7B4E62F9A2EAD0013CF9A /* PBXTargetDependency */,
				04C7B4E82F9A2EAD0013CF9A /* PBXTargetDependency */,
				043429BD2F7E413400593579 /* PBXTargetDependency */,
			);
			fileSystemSynchronizedGroups = (
				048A67812F48395400706A2A /* ReadTracker */,
			);
			name = ReadTracker;
			packageProductDependencies = (
				04C7B4E92F9A2F700013CF9A /* FirebaseAI */,
				04C7B4EB2F9A2F700013CF9A /* FirebaseAILogic */,
				04C7B4ED2F9A2F700013CF9A /* FirebaseAnalytics */,
				04C7B4EF2F9A2F700013CF9A /* FirebaseAnalyticsCore */,
				04C7B4F12F9A2F700013CF9A /* FirebaseAnalyticsIdentitySupport */,
				04C7B4F32F9A2F700013CF9A /* FirebaseAppCheck */,
				04C7B4F52F9A2F700013CF9A /* FirebaseAppDistribution-Beta */,
				04C7B4F72F9A2F700013CF9A /* FirebaseAuth */,
				04C7B4F92F9A2F700013CF9A /* FirebaseAuthCombine-Community */,
				04C7B4FB2F9A2F700013CF9A /* FirebaseCore */,
				04C7B4FD2F9A2F700013CF9A /* FirebaseCrashlytics */,
				04C7B4FF2F9A2F700013CF9A /* FirebaseDatabase */,
				04C7B5012F9A2F700013CF9A /* FirebaseFirestore */,
				04C7B5032F9A2F700013CF9A /* FirebaseFirestoreCombine-Community */,
				04C7B5052F9A2F700013CF9A /* FirebaseFunctions */,
				04C7B5072F9A2F700013CF9A /* FirebaseFunctionsCombine-Community */,
				04C7B5092F9A2F700013CF9A /* FirebaseInAppMessaging-Beta */,
				04C7B50B2F9A2F700013CF9A /* FirebaseInstallations */,
				04C7B50D2F9A2F700013CF9A /* FirebaseMessaging */,
				04C7B50F2F9A2F700013CF9A /* FirebaseMLModelDownloader */,
				04C7B5112F9A2F700013CF9A /* FirebasePerformance */,
				04C7B5132F9A2F700013CF9A /* FirebaseRemoteConfig */,
				04C7B5152F9A2F700013CF9A /* FirebaseStorage */,
				04C7B5172F9A2F700013CF9A /* FirebaseStorageCombine-Community */,
			);
			productName = ReadTracker;
			productReference = 048A677F2F48395400706A2A /* ReadTracker.app */;
			productType = "com.apple.product-type.application";
		};
/* End PBXNativeTarget section */

/* Begin PBXProject section */
		048A67772F48395400706A2A /* Project object */ = {
			isa = PBXProject;
			attributes = {
				BuildIndependentTargetsInParallel = 1;
				LastSwiftUpdateCheck = 2620;
				LastUpgradeCheck = 2620;
				TargetAttributes = {
					0434299D2F7E413300593579 = {
						CreatedOnToolsVersion = 26.2;
					};
					043429A92F7E413400593579 = {
						CreatedOnToolsVersion = 26.2;
						TestTargetID = 0434299D2F7E413300593579;
					};
					043429B32F7E413400593579 = {
						CreatedOnToolsVersion = 26.2;
						TestTargetID = 0434299D2F7E413300593579;
					};
					048A677E2F48395400706A2A = {
						CreatedOnToolsVersion = 26.2;
					};
				};
			};
			buildConfigurationList = 048A677A2F48395400706A2A /* Build configuration list for PBXProject "ReadTracker" */;
			developmentRegion = en;
			hasScannedForEncodings = 0;
			knownRegions = (
				en,
				Base,
			);
			mainGroup = 048A67762F48395400706A2A;
			minimizedProjectReferenceProxies = 1;
			packageReferences = (
				04C7B4732F9A1A4D0013CF9A /* XCRemoteSwiftPackageReference "firebase-ios-sdk" */,
			);
			preferredProjectObjectVersion = 77;
			productRefGroup = 048A67802F48395400706A2A /* Products */;
			projectDirPath = "";
			projectRoot = "";
			targets = (
				048A677E2F48395400706A2A /* ReadTracker */,
				0434299D2F7E413300593579 /* ReadTrackerWatchApp Watch App */,
				043429A92F7E413400593579 /* ReadTrackerWatchApp Watch AppTests */,
				043429B32F7E413400593579 /* ReadTrackerWatchApp Watch AppUITests */,
			);
		};
/* End PBXProject section */

/* Begin PBXResourcesBuildPhase section */
		0434299C2F7E413300593579 /* Resources */ = {
			isa = PBXResourcesBuildPhase;
			buildActionMask = 2147483647;
			files = (
			);
			runOnlyForDeploymentPostprocessing = 0;
		};
		043429A82F7E413400593579 /* Resources */ = {
			isa = PBXResourcesBuildPhase;
			buildActionMask = 2147483647;
			files = (
			);
			runOnlyForDeploymentPostprocessing = 0;
		};
		043429B22F7E413400593579 /* Resources */ = {
			isa = PBXResourcesBuildPhase;
			buildActionMask = 2147483647;
			files = (
			);
			runOnlyForDeploymentPostprocessing = 0;
		};
		048A677D2F48395400706A2A /* Resources */ = {
			isa = PBXResourcesBuildPhase;
			buildActionMask = 2147483647;
			files = (
			);
			runOnlyForDeploymentPostprocessing = 0;
		};
/* End PBXResourcesBuildPhase section */

/* Begin PBXSourcesBuildPhase section */
		0434299A2F7E413300593579 /* Sources */ = {
			isa = PBXSourcesBuildPhase;
			buildActionMask = 2147483647;
			files = (
			);
			runOnlyForDeploymentPostprocessing = 0;
		};
		043429A62F7E413400593579 /* Sources */ = {
			isa = PBXSourcesBuildPhase;
			buildActionMask = 2147483647;
			files = (
			);
			runOnlyForDeploymentPostprocessing = 0;
		};
		043429B02F7E413400593579 /* Sources */ = {
			isa = PBXSourcesBuildPhase;
			buildActionMask = 2147483647;
			files = (
			);
			runOnlyForDeploymentPostprocessing = 0;
		};
		048A677B2F48395400706A2A /* Sources */ = {
			isa = PBXSourcesBuildPhase;
			buildActionMask = 2147483647;
			files = (
			);
			runOnlyForDeploymentPostprocessing = 0;
		};
/* End PBXSourcesBuildPhase section */

/* Begin PBXTargetDependency section */
		043429AC2F7E413400593579 /* PBXTargetDependency */ = {
			isa = PBXTargetDependency;
			target = 0434299D2F7E413300593579 /* ReadTrackerWatchApp Watch App */;
			targetProxy = 043429AB2F7E413400593579 /* PBXContainerItemProxy */;
		};
		043429B62F7E413400593579 /* PBXTargetDependency */ = {
			isa = PBXTargetDependency;
			target = 0434299D2F7E413300593579 /* ReadTrackerWatchApp Watch App */;
			targetProxy = 043429B52F7E413400593579 /* PBXContainerItemProxy */;
		};
		043429BD2F7E413400593579 /* PBXTargetDependency */ = {
			isa = PBXTargetDependency;
			target = 0434299D2F7E413300593579 /* ReadTrackerWatchApp Watch App */;
			targetProxy = 043429BC2F7E413400593579 /* PBXContainerItemProxy */;
		};
		04C7B4BA2F9A2EAD0013CF9A /* PBXTargetDependency */ = {
			isa = PBXTargetDependency;
			productRef = 04C7B4B92F9A2EAD0013CF9A /* FirebaseAI */;
		};
		04C7B4BC2F9A2EAD0013CF9A /* PBXTargetDependency */ = {
			isa = PBXTargetDependency;
			productRef = 04C7B4BB2F9A2EAD0013CF9A /* FirebaseAILogic */;
		};
		04C7B4BE2F9A2EAD0013CF9A /* PBXTargetDependency */ = {
			isa = PBXTargetDependency;
			productRef = 04C7B4BD2F9A2EAD0013CF9A /* FirebaseAnalytics */;
		};
		04C7B4C02F9A2EAD0013CF9A /* PBXTargetDependency */ = {
			isa = PBXTargetDependency;
			productRef = 04C7B4BF2F9A2EAD0013CF9A /* FirebaseAnalyticsCore */;
		};
		04C7B4C22F9A2EAD0013CF9A /* PBXTargetDependency */ = {
			isa = PBXTargetDependency;
			productRef = 04C7B4C12F9A2EAD0013CF9A /* FirebaseAnalyticsIdentitySupport */;
		};
		04C7B4C42F9A2EAD0013CF9A /* PBXTargetDependency */ = {
			isa = PBXTargetDependency;
			productRef = 04C7B4C32F9A2EAD0013CF9A /* FirebaseAppCheck */;
		};
		04C7B4C62F9A2EAD0013CF9A /* PBXTargetDependency */ = {
			isa = PBXTargetDependency;
			productRef = 04C7B4C52F9A2EAD0013CF9A /* FirebaseAppDistribution-Beta */;
		};
		04C7B4C82F9A2EAD0013CF9A /* PBXTargetDependency */ = {
			isa = PBXTargetDependency;
			productRef = 04C7B4C72F9A2EAD0013CF9A /* FirebaseAuth */;
		};
		04C7B4CA2F9A2EAD0013CF9A /* PBXTargetDependency */ = {
			isa = PBXTargetDependency;
			productRef = 04C7B4C92F9A2EAD0013CF9A /* FirebaseAuthCombine-Community */;
		};
		04C7B4CC2F9A2EAD0013CF9A /* PBXTargetDependency */ = {
			isa = PBXTargetDependency;
			productRef = 04C7B4CB2F9A2EAD0013CF9A /* FirebaseCore */;
		};
		04C7B4CE2F9A2EAD0013CF9A /* PBXTargetDependency */ = {
			isa = PBXTargetDependency;
			productRef = 04C7B4CD2F9A2EAD0013CF9A /* FirebaseCrashlytics */;
		};
		04C7B4D02F9A2EAD0013CF9A /* PBXTargetDependency */ = {
			isa = PBXTargetDependency;
			productRef = 04C7B4CF2F9A2EAD0013CF9A /* FirebaseDatabase */;
		};
		04C7B4D22F9A2EAD0013CF9A /* PBXTargetDependency */ = {
			isa = PBXTargetDependency;
			productRef = 04C7B4D12F9A2EAD0013CF9A /* FirebaseFirestore */;
		};
		04C7B4D42F9A2EAD0013CF9A /* PBXTargetDependency */ = {
			isa = PBXTargetDependency;
			productRef = 04C7B4D32F9A2EAD0013CF9A /* FirebaseFirestoreCombine-Community */;
		};
		04C7B4D62F9A2EAD0013CF9A /* PBXTargetDependency */ = {
			isa = PBXTargetDependency;
			productRef = 04C7B4D52F9A2EAD0013CF9A /* FirebaseFunctions */;
		};
		04C7B4D82F9A2EAD0013CF9A /* PBXTargetDependency */ = {
			isa = PBXTargetDependency;
			productRef = 04C7B4D72F9A2EAD0013CF9A /* FirebaseFunctionsCombine-Community */;
		};
		04C7B4DA2F9A2EAD0013CF9A /* PBXTargetDependency */ = {
			isa = PBXTargetDependency;
			productRef = 04C7B4D92F9A2EAD0013CF9A /* FirebaseInAppMessaging-Beta */;
		};
		04C7B4DC2F9A2EAD0013CF9A /* PBXTargetDependency */ = {
			isa = PBXTargetDependency;
			productRef = 04C7B4DB2F9A2EAD0013CF9A /* FirebaseInstallations */;
		};
		04C7B4DE2F9A2EAD0013CF9A /* PBXTargetDependency */ = {
			isa = PBXTargetDependency;
			productRef = 04C7B4DD2F9A2EAD0013CF9A /* FirebaseMLModelDownloader */;
		};
		04C7B4E02F9A2EAD0013CF9A /* PBXTargetDependency */ = {
			isa = PBXTargetDependency;
			productRef = 04C7B4DF2F9A2EAD0013CF9A /* FirebaseMessaging */;
		};
		04C7B4E22F9A2EAD0013CF9A /* PBXTargetDependency */ = {
			isa = PBXTargetDependency;
			productRef = 04C7B4E12F9A2EAD0013CF9A /* FirebasePerformance */;
		};
		04C7B4E42F9A2EAD0013CF9A /* PBXTargetDependency */ = {
			isa = PBXTargetDependency;
			productRef = 04C7B4E32F9A2EAD0013CF9A /* FirebaseRemoteConfig */;
		};
		04C7B4E62F9A2EAD0013CF9A /* PBXTargetDependency */ = {
			isa = PBXTargetDependency;
			productRef = 04C7B4E52F9A2EAD0013CF9A /* FirebaseStorage */;
		};
		04C7B4E82F9A2EAD0013CF9A /* PBXTargetDependency */ = {
			isa = PBXTargetDependency;
			productRef = 04C7B4E72F9A2EAD0013CF9A /* FirebaseStorageCombine-Community */;
		};
/* End PBXTargetDependency section */

/* Begin XCBuildConfiguration section */
		043429C02F7E413400593579 /* Debug */ = {
			isa = XCBuildConfiguration;
			buildSettings = {
				ASSETCATALOG_COMPILER_APPICON_NAME = AppIcon;
				ASSETCATALOG_COMPILER_GLOBAL_ACCENT_COLOR_NAME = AccentColor;
				CODE_SIGN_STYLE = Automatic;
				CURRENT_PROJECT_VERSION = 1;
				DEVELOPMENT_TEAM = 4ND5QM3KQN;
				ENABLE_PREVIEWS = YES;
				GENERATE_INFOPLIST_FILE = YES;
				INFOPLIST_KEY_CFBundleDisplayName = ReadTrackerWatchApp;
				INFOPLIST_KEY_UISupportedInterfaceOrientations = "UIInterfaceOrientationPortrait UIInterfaceOrientationPortraitUpsideDown";
				INFOPLIST_KEY_WKCompanionAppBundleIdentifier = ReiSoemanto.ReadTracker;
				LD_RUNPATH_SEARCH_PATHS = (
					"$(inherited)",
					"@executable_path/Frameworks",
				);
				MARKETING_VERSION = 1.0;
				PRODUCT_BUNDLE_IDENTIFIER = ReiSoemanto.ReadTracker.watchkitapp;
				PRODUCT_NAME = "$(TARGET_NAME)";
				SDKROOT = watchos;
				SKIP_INSTALL = YES;
				STRING_CATALOG_GENERATE_SYMBOLS = YES;
				SWIFT_APPROACHABLE_CONCURRENCY = YES;
				SWIFT_DEFAULT_ACTOR_ISOLATION = MainActor;
				SWIFT_EMIT_LOC_STRINGS = YES;
				SWIFT_UPCOMING_FEATURE_MEMBER_IMPORT_VISIBILITY = YES;
				SWIFT_VERSION = 5.0;
				TARGETED_DEVICE_FAMILY = 4;
				WATCHOS_DEPLOYMENT_TARGET = 26.2;
			};
			name = Debug;
		};
		043429C12F7E413400593579 /* Release */ = {
			isa = XCBuildConfiguration;
			buildSettings = {
				ASSETCATALOG_COMPILER_APPICON_NAME = AppIcon;
				ASSETCATALOG_COMPILER_GLOBAL_ACCENT_COLOR_NAME = AccentColor;
				CODE_SIGN_STYLE = Automatic;
				CURRENT_PROJECT_VERSION = 1;
				DEVELOPMENT_TEAM = 4ND5QM3KQN;
				ENABLE_PREVIEWS = YES;
				GENERATE_INFOPLIST_FILE = YES;
				INFOPLIST_KEY_CFBundleDisplayName = ReadTrackerWatchApp;
				INFOPLIST_KEY_UISupportedInterfaceOrientations = "UIInterfaceOrientationPortrait UIInterfaceOrientationPortraitUpsideDown";
				INFOPLIST_KEY_WKCompanionAppBundleIdentifier = ReiSoemanto.ReadTracker;
				LD_RUNPATH_SEARCH_PATHS = (
					"$(inherited)",
					"@executable_path/Frameworks",
				);
				MARKETING_VERSION = 1.0;
				PRODUCT_BUNDLE_IDENTIFIER = ReiSoemanto.ReadTracker.watchkitapp;
				PRODUCT_NAME = "$(TARGET_NAME)";
				SDKROOT = watchos;
				SKIP_INSTALL = YES;
				STRING_CATALOG_GENERATE_SYMBOLS = YES;
				SWIFT_APPROACHABLE_CONCURRENCY = YES;
				SWIFT_DEFAULT_ACTOR_ISOLATION = MainActor;
				SWIFT_EMIT_LOC_STRINGS = YES;
				SWIFT_UPCOMING_FEATURE_MEMBER_IMPORT_VISIBILITY = YES;
				SWIFT_VERSION = 5.0;
				TARGETED_DEVICE_FAMILY = 4;
				WATCHOS_DEPLOYMENT_TARGET = 26.2;
			};
			name = Release;
		};
		043429C42F7E413400593579 /* Debug */ = {
			isa = XCBuildConfiguration;
			buildSettings = {
				BUNDLE_LOADER = "$(TEST_HOST)";
				CODE_SIGN_STYLE = Automatic;
				CURRENT_PROJECT_VERSION = 1;
				DEVELOPMENT_TEAM = 4ND5QM3KQN;
				GENERATE_INFOPLIST_FILE = YES;
				MARKETING_VERSION = 1.0;
				PRODUCT_BUNDLE_IDENTIFIER = "ReiSoemanto.ReadTrackerWatchApp-Watch-AppTests";
				PRODUCT_NAME = "$(TARGET_NAME)";
				SDKROOT = watchos;
				STRING_CATALOG_GENERATE_SYMBOLS = NO;
				SWIFT_APPROACHABLE_CONCURRENCY = YES;
				SWIFT_EMIT_LOC_STRINGS = NO;
				SWIFT_UPCOMING_FEATURE_MEMBER_IMPORT_VISIBILITY = YES;
				SWIFT_VERSION = 5.0;
				TARGETED_DEVICE_FAMILY = 4;
				TEST_HOST = "$(BUILT_PRODUCTS_DIR)/ReadTrackerWatchApp Watch App.app/$(BUNDLE_EXECUTABLE_FOLDER_PATH)/ReadTrackerWatchApp Watch App";
				WATCHOS_DEPLOYMENT_TARGET = 26.2;
			};
			name = Debug;
		};
		043429C52F7E413400593579 /* Release */ = {
			isa = XCBuildConfiguration;
			buildSettings = {
				BUNDLE_LOADER = "$(TEST_HOST)";
				CODE_SIGN_STYLE = Automatic;
				CURRENT_PROJECT_VERSION = 1;
				DEVELOPMENT_TEAM = 4ND5QM3KQN;
				GENERATE_INFOPLIST_FILE = YES;
				MARKETING_VERSION = 1.0;
				PRODUCT_BUNDLE_IDENTIFIER = "ReiSoemanto.ReadTrackerWatchApp-Watch-AppTests";
				PRODUCT_NAME = "$(TARGET_NAME)";
				SDKROOT = watchos;
				STRING_CATALOG_GENERATE_SYMBOLS = NO;
				SWIFT_APPROACHABLE_CONCURRENCY = YES;
				SWIFT_EMIT_LOC_STRINGS = NO;
				SWIFT_UPCOMING_FEATURE_MEMBER_IMPORT_VISIBILITY = YES;
				SWIFT_VERSION = 5.0;
				TARGETED_DEVICE_FAMILY = 4;
				TEST_HOST = "$(BUILT_PRODUCTS_DIR)/ReadTrackerWatchApp Watch App.app/$(BUNDLE_EXECUTABLE_FOLDER_PATH)/ReadTrackerWatchApp Watch App";
				WATCHOS_DEPLOYMENT_TARGET = 26.2;
			};
			name = Release;
		};
		043429C72F7E413400593579 /* Debug */ = {
			isa = XCBuildConfiguration;
			buildSettings = {
				CODE_SIGN_STYLE = Automatic;
				CURRENT_PROJECT_VERSION = 1;
				DEVELOPMENT_TEAM = 4ND5QM3KQN;
				GENERATE_INFOPLIST_FILE = YES;
				MARKETING_VERSION = 1.0;
				PRODUCT_BUNDLE_IDENTIFIER = "ReiSoemanto.ReadTrackerWatchApp-Watch-AppUITests";
				PRODUCT_NAME = "$(TARGET_NAME)";
				SDKROOT = watchos;
				STRING_CATALOG_GENERATE_SYMBOLS = NO;
				SWIFT_APPROACHABLE_CONCURRENCY = YES;
				SWIFT_EMIT_LOC_STRINGS = NO;
				SWIFT_UPCOMING_FEATURE_MEMBER_IMPORT_VISIBILITY = YES;
				SWIFT_VERSION = 5.0;
				TARGETED_DEVICE_FAMILY = 4;
				TEST_TARGET_NAME = "ReadTrackerWatchApp Watch App";
				WATCHOS_DEPLOYMENT_TARGET = 26.2;
			};
			name = Debug;
		};
		043429C82F7E413400593579 /* Release */ = {
			isa = XCBuildConfiguration;
			buildSettings = {
				CODE_SIGN_STYLE = Automatic;
				CURRENT_PROJECT_VERSION = 1;
				DEVELOPMENT_TEAM = 4ND5QM3KQN;
				GENERATE_INFOPLIST_FILE = YES;
				MARKETING_VERSION = 1.0;
				PRODUCT_BUNDLE_IDENTIFIER = "ReiSoemanto.ReadTrackerWatchApp-Watch-AppUITests";
				PRODUCT_NAME = "$(TARGET_NAME)";
				SDKROOT = watchos;
				STRING_CATALOG_GENERATE_SYMBOLS = NO;
				SWIFT_APPROACHABLE_CONCURRENCY = YES;
				SWIFT_EMIT_LOC_STRINGS = NO;
				SWIFT_UPCOMING_FEATURE_MEMBER_IMPORT_VISIBILITY = YES;
				SWIFT_VERSION = 5.0;
				TARGETED_DEVICE_FAMILY = 4;
				TEST_TARGET_NAME = "ReadTrackerWatchApp Watch App";
				WATCHOS_DEPLOYMENT_TARGET = 26.2;
			};
			name = Release;
		};
		048A67882F48395500706A2A /* Debug */ = {
			isa = XCBuildConfiguration;
			buildSettings = {
				ALWAYS_SEARCH_USER_PATHS = NO;
				ASSETCATALOG_COMPILER_GENERATE_SWIFT_ASSET_SYMBOL_EXTENSIONS = YES;
				CLANG_ANALYZER_NONNULL = YES;
				CLANG_ANALYZER_NUMBER_OBJECT_CONVERSION = YES_AGGRESSIVE;
				CLANG_CXX_LANGUAGE_STANDARD = "gnu++20";
				CLANG_ENABLE_MODULES = YES;
				CLANG_ENABLE_OBJC_ARC = YES;
				CLANG_ENABLE_OBJC_WEAK = YES;
				CLANG_WARN_BLOCK_CAPTURE_AUTORELEASING = YES;
				CLANG_WARN_BOOL_CONVERSION = YES;
				CLANG_WARN_COMMA = YES;
				CLANG_WARN_CONSTANT_CONVERSION = YES;
				CLANG_WARN_DEPRECATED_OBJC_IMPLEMENTATIONS = YES;
				CLANG_WARN_DIRECT_OBJC_ISA_USAGE = YES_ERROR;
				CLANG_WARN_DOCUMENTATION_COMMENTS = YES;
				CLANG_WARN_EMPTY_BODY = YES;
				CLANG_WARN_ENUM_CONVERSION = YES;
				CLANG_WARN_INFINITE_RECURSION = YES;
				CLANG_WARN_INT_CONVERSION = YES;
				CLANG_WARN_NON_LITERAL_NULL_CONVERSION = YES;
				CLANG_WARN_OBJC_IMPLICIT_RETAIN_SELF = YES;
				CLANG_WARN_OBJC_LITERAL_CONVERSION = YES;
				CLANG_WARN_OBJC_ROOT_CLASS = YES_ERROR;
				CLANG_WARN_QUOTED_INCLUDE_IN_FRAMEWORK_HEADER = YES;
				CLANG_WARN_RANGE_LOOP_ANALYSIS = YES;
				CLANG_WARN_STRICT_PROTOTYPES = YES;
				CLANG_WARN_SUSPICIOUS_MOVE = YES;
				CLANG_WARN_UNGUARDED_AVAILABILITY = YES_AGGRESSIVE;
				CLANG_WARN_UNREACHABLE_CODE = YES;
				CLANG_WARN__DUPLICATE_METHOD_MATCH = YES;
				COPY_PHASE_STRIP = NO;
				DEBUG_INFORMATION_FORMAT = dwarf;
				DEVELOPMENT_TEAM = 4ND5QM3KQN;
				ENABLE_STRICT_OBJC_MSGSEND = YES;
				ENABLE_TESTABILITY = YES;
				ENABLE_USER_SCRIPT_SANDBOXING = YES;
				GCC_C_LANGUAGE_STANDARD = gnu17;
				GCC_DYNAMIC_NO_PIC = NO;
				GCC_NO_COMMON_BLOCKS = YES;
				GCC_OPTIMIZATION_LEVEL = 0;
				GCC_PREPROCESSOR_DEFINITIONS = (
					"DEBUG=1",
					"$(inherited)",
				);
				GCC_WARN_64_TO_32_BIT_CONVERSION = YES;
				GCC_WARN_ABOUT_RETURN_TYPE = YES_ERROR;
				GCC_WARN_UNDECLARED_SELECTOR = YES;
				GCC_WARN_UNINITIALIZED_AUTOS = YES_AGGRESSIVE;
				GCC_WARN_UNUSED_FUNCTION = YES;
				GCC_WARN_UNUSED_VARIABLE = YES;
				IPHONEOS_DEPLOYMENT_TARGET = 26.2;
				LOCALIZATION_PREFERS_STRING_CATALOGS = YES;
				MTL_ENABLE_DEBUG_INFO = INCLUDE_SOURCE;
				MTL_FAST_MATH = YES;
				ONLY_ACTIVE_ARCH = YES;
				SDKROOT = iphoneos;
				SWIFT_ACTIVE_COMPILATION_CONDITIONS = "DEBUG $(inherited)";
				SWIFT_OPTIMIZATION_LEVEL = "-Onone";
			};
			name = Debug;
		};
		048A67892F48395500706A2A /* Release */ = {
			isa = XCBuildConfiguration;
			buildSettings = {
				ALWAYS_SEARCH_USER_PATHS = NO;
				ASSETCATALOG_COMPILER_GENERATE_SWIFT_ASSET_SYMBOL_EXTENSIONS = YES;
				CLANG_ANALYZER_NONNULL = YES;
				CLANG_ANALYZER_NUMBER_OBJECT_CONVERSION = YES_AGGRESSIVE;
				CLANG_CXX_LANGUAGE_STANDARD = "gnu++20";
				CLANG_ENABLE_MODULES = YES;
				CLANG_ENABLE_OBJC_ARC = YES;
				CLANG_ENABLE_OBJC_WEAK = YES;
				CLANG_WARN_BLOCK_CAPTURE_AUTORELEASING = YES;
				CLANG_WARN_BOOL_CONVERSION = YES;
				CLANG_WARN_COMMA = YES;
				CLANG_WARN_CONSTANT_CONVERSION = YES;
				CLANG_WARN_DEPRECATED_OBJC_IMPLEMENTATIONS = YES;
				CLANG_WARN_DIRECT_OBJC_ISA_USAGE = YES_ERROR;
				CLANG_WARN_DOCUMENTATION_COMMENTS = YES;
				CLANG_WARN_EMPTY_BODY = YES;
				CLANG_WARN_ENUM_CONVERSION = YES;
				CLANG_WARN_INFINITE_RECURSION = YES;
				CLANG_WARN_INT_CONVERSION = YES;
				CLANG_WARN_NON_LITERAL_NULL_CONVERSION = YES;
				CLANG_WARN_OBJC_IMPLICIT_RETAIN_SELF = YES;
				CLANG_WARN_OBJC_LITERAL_CONVERSION = YES;
				CLANG_WARN_OBJC_ROOT_CLASS = YES_ERROR;
				CLANG_WARN_QUOTED_INCLUDE_IN_FRAMEWORK_HEADER = YES;
				CLANG_WARN_RANGE_LOOP_ANALYSIS = YES;
				CLANG_WARN_STRICT_PROTOTYPES = YES;
				CLANG_WARN_SUSPICIOUS_MOVE = YES;
				CLANG_WARN_UNGUARDED_AVAILABILITY = YES_AGGRESSIVE;
				CLANG_WARN_UNREACHABLE_CODE = YES;
				CLANG_WARN__DUPLICATE_METHOD_MATCH = YES;
				COPY_PHASE_STRIP = NO;
				DEBUG_INFORMATION_FORMAT = "dwarf-with-dsym";
				DEVELOPMENT_TEAM = 4ND5QM3KQN;
				ENABLE_NS_ASSERTIONS = NO;
				ENABLE_STRICT_OBJC_MSGSEND = YES;
				ENABLE_USER_SCRIPT_SANDBOXING = YES;
				GCC_C_LANGUAGE_STANDARD = gnu17;
				GCC_NO_COMMON_BLOCKS = YES;
				GCC_WARN_64_TO_32_BIT_CONVERSION = YES;
				GCC_WARN_ABOUT_RETURN_TYPE = YES_ERROR;
				GCC_WARN_UNDECLARED_SELECTOR = YES;
				GCC_WARN_UNINITIALIZED_AUTOS = YES_AGGRESSIVE;
				GCC_WARN_UNUSED_FUNCTION = YES;
				GCC_WARN_UNUSED_VARIABLE = YES;
				IPHONEOS_DEPLOYMENT_TARGET = 26.2;
				LOCALIZATION_PREFERS_STRING_CATALOGS = YES;
				MTL_ENABLE_DEBUG_INFO = NO;
				MTL_FAST_MATH = YES;
				SDKROOT = iphoneos;
				SWIFT_COMPILATION_MODE = wholemodule;
				VALIDATE_PRODUCT = YES;
			};
			name = Release;
		};
		048A678B2F48395500706A2A /* Debug */ = {
			isa = XCBuildConfiguration;
			buildSettings = {
				ASSETCATALOG_COMPILER_APPICON_NAME = AppIcon;
				ASSETCATALOG_COMPILER_GLOBAL_ACCENT_COLOR_NAME = AccentColor;
				CODE_SIGN_STYLE = Automatic;
				CURRENT_PROJECT_VERSION = 1;
				DEVELOPMENT_TEAM = 4ND5QM3KQN;
				ENABLE_PREVIEWS = YES;
				GENERATE_INFOPLIST_FILE = YES;
				INFOPLIST_KEY_UIApplicationSceneManifest_Generation = YES;
				INFOPLIST_KEY_UIApplicationSupportsIndirectInputEvents = YES;
				INFOPLIST_KEY_UILaunchScreen_Generation = YES;
				INFOPLIST_KEY_UISupportedInterfaceOrientations_iPad = "UIInterfaceOrientationPortrait UIInterfaceOrientationPortraitUpsideDown UIInterfaceOrientationLandscapeLeft UIInterfaceOrientationLandscapeRight";
				INFOPLIST_KEY_UISupportedInterfaceOrientations_iPhone = "UIInterfaceOrientationPortrait UIInterfaceOrientationLandscapeLeft UIInterfaceOrientationLandscapeRight";
				LD_RUNPATH_SEARCH_PATHS = (
					"$(inherited)",
					"@executable_path/Frameworks",
				);
				MARKETING_VERSION = 1.0;
				PRODUCT_BUNDLE_IDENTIFIER = ReiSoemanto.ReadTracker;
				PRODUCT_NAME = "$(TARGET_NAME)";
				STRING_CATALOG_GENERATE_SYMBOLS = YES;
				SWIFT_APPROACHABLE_CONCURRENCY = YES;
				SWIFT_DEFAULT_ACTOR_ISOLATION = MainActor;
				SWIFT_EMIT_LOC_STRINGS = YES;
				SWIFT_UPCOMING_FEATURE_MEMBER_IMPORT_VISIBILITY = YES;
				SWIFT_VERSION = 5.0;
				TARGETED_DEVICE_FAMILY = "1,2";
			};
			name = Debug;
		};
		048A678C2F48395500706A2A /* Release */ = {
			isa = XCBuildConfiguration;
			buildSettings = {
				ASSETCATALOG_COMPILER_APPICON_NAME = AppIcon;
				ASSETCATALOG_COMPILER_GLOBAL_ACCENT_COLOR_NAME = AccentColor;
				CODE_SIGN_STYLE = Automatic;
				CURRENT_PROJECT_VERSION = 1;
				DEVELOPMENT_TEAM = 4ND5QM3KQN;
				ENABLE_PREVIEWS = YES;
				GENERATE_INFOPLIST_FILE = YES;
				INFOPLIST_KEY_UIApplicationSceneManifest_Generation = YES;
				INFOPLIST_KEY_UIApplicationSupportsIndirectInputEvents = YES;
				INFOPLIST_KEY_UILaunchScreen_Generation = YES;
				INFOPLIST_KEY_UISupportedInterfaceOrientations_iPad = "UIInterfaceOrientationPortrait UIInterfaceOrientationPortraitUpsideDown UIInterfaceOrientationLandscapeLeft UIInterfaceOrientationLandscapeRight";
				INFOPLIST_KEY_UISupportedInterfaceOrientations_iPhone = "UIInterfaceOrientationPortrait UIInterfaceOrientationLandscapeLeft UIInterfaceOrientationLandscapeRight";
				LD_RUNPATH_SEARCH_PATHS = (
					"$(inherited)",
					"@executable_path/Frameworks",
				);
				MARKETING_VERSION = 1.0;
				PRODUCT_BUNDLE_IDENTIFIER = ReiSoemanto.ReadTracker;
				PRODUCT_NAME = "$(TARGET_NAME)";
				STRING_CATALOG_GENERATE_SYMBOLS = YES;
				SWIFT_APPROACHABLE_CONCURRENCY = YES;
				SWIFT_DEFAULT_ACTOR_ISOLATION = MainActor;
				SWIFT_EMIT_LOC_STRINGS = YES;
				SWIFT_UPCOMING_FEATURE_MEMBER_IMPORT_VISIBILITY = YES;
				SWIFT_VERSION = 5.0;
				TARGETED_DEVICE_FAMILY = "1,2";
			};
			name = Release;
		};
/* End XCBuildConfiguration section */

/* Begin XCConfigurationList section */
		043429BF2F7E413400593579 /* Build configuration list for PBXNativeTarget "ReadTrackerWatchApp Watch App" */ = {
			isa = XCConfigurationList;
			buildConfigurations = (
				043429C02F7E413400593579 /* Debug */,
				043429C12F7E413400593579 /* Release */,
			);
			defaultConfigurationIsVisible = 0;
			defaultConfigurationName = Release;
		};
		043429C32F7E413400593579 /* Build configuration list for PBXNativeTarget "ReadTrackerWatchApp Watch AppTests" */ = {
			isa = XCConfigurationList;
			buildConfigurations = (
				043429C42F7E413400593579 /* Debug */,
				043429C52F7E413400593579 /* Release */,
			);
			defaultConfigurationIsVisible = 0;
			defaultConfigurationName = Release;
		};
		043429C62F7E413400593579 /* Build configuration list for PBXNativeTarget "ReadTrackerWatchApp Watch AppUITests" */ = {
			isa = XCConfigurationList;
			buildConfigurations = (
				043429C72F7E413400593579 /* Debug */,
				043429C82F7E413400593579 /* Release */,
			);
			defaultConfigurationIsVisible = 0;
			defaultConfigurationName = Release;
		};
		048A677A2F48395400706A2A /* Build configuration list for PBXProject "ReadTracker" */ = {
			isa = XCConfigurationList;
			buildConfigurations = (
				048A67882F48395500706A2A /* Debug */,
				048A67892F48395500706A2A /* Release */,
			);
			defaultConfigurationIsVisible = 0;
			defaultConfigurationName = Release;
		};
		048A678A2F48395500706A2A /* Build configuration list for PBXNativeTarget "ReadTracker" */ = {
			isa = XCConfigurationList;
			buildConfigurations = (
				048A678B2F48395500706A2A /* Debug */,
				048A678C2F48395500706A2A /* Release */,
			);
			defaultConfigurationIsVisible = 0;
			defaultConfigurationName = Release;
		};
/* End XCConfigurationList section */

/* Begin XCRemoteSwiftPackageReference section */
		04C7B4732F9A1A4D0013CF9A /* XCRemoteSwiftPackageReference "firebase-ios-sdk" */ = {
			isa = XCRemoteSwiftPackageReference;
			repositoryURL = "https://github.com/firebase/firebase-ios-sdk";
			requirement = {
				kind = upToNextMajorVersion;
				minimumVersion = 12.12.1;
			};
		};
/* End XCRemoteSwiftPackageReference section */

/* Begin XCSwiftPackageProductDependency section */
		04C7B4B92F9A2EAD0013CF9A /* FirebaseAI */ = {
			isa = XCSwiftPackageProductDependency;
			package = 04C7B4732F9A1A4D0013CF9A /* XCRemoteSwiftPackageReference "firebase-ios-sdk" */;
			productName = FirebaseAI;
		};
		04C7B4BB2F9A2EAD0013CF9A /* FirebaseAILogic */ = {
			isa = XCSwiftPackageProductDependency;
			package = 04C7B4732F9A1A4D0013CF9A /* XCRemoteSwiftPackageReference "firebase-ios-sdk" */;
			productName = FirebaseAILogic;
		};
		04C7B4BD2F9A2EAD0013CF9A /* FirebaseAnalytics */ = {
			isa = XCSwiftPackageProductDependency;
			package = 04C7B4732F9A1A4D0013CF9A /* XCRemoteSwiftPackageReference "firebase-ios-sdk" */;
			productName = FirebaseAnalytics;
		};
		04C7B4BF2F9A2EAD0013CF9A /* FirebaseAnalyticsCore */ = {
			isa = XCSwiftPackageProductDependency;
			package = 04C7B4732F9A1A4D0013CF9A /* XCRemoteSwiftPackageReference "firebase-ios-sdk" */;
			productName = FirebaseAnalyticsCore;
		};
		04C7B4C12F9A2EAD0013CF9A /* FirebaseAnalyticsIdentitySupport */ = {
			isa = XCSwiftPackageProductDependency;
			package = 04C7B4732F9A1A4D0013CF9A /* XCRemoteSwiftPackageReference "firebase-ios-sdk" */;
			productName = FirebaseAnalyticsIdentitySupport;
		};
		04C7B4C32F9A2EAD0013CF9A /* FirebaseAppCheck */ = {
			isa = XCSwiftPackageProductDependency;
			package = 04C7B4732F9A1A4D0013CF9A /* XCRemoteSwiftPackageReference "firebase-ios-sdk" */;
			productName = FirebaseAppCheck;
		};
		04C7B4C52F9A2EAD0013CF9A /* FirebaseAppDistribution-Beta */ = {
			isa = XCSwiftPackageProductDependency;
			package = 04C7B4732F9A1A4D0013CF9A /* XCRemoteSwiftPackageReference "firebase-ios-sdk" */;
			productName = "FirebaseAppDistribution-Beta";
		};
		04C7B4C72F9A2EAD0013CF9A /* FirebaseAuth */ = {
			isa = XCSwiftPackageProductDependency;
			package = 04C7B4732F9A1A4D0013CF9A /* XCRemoteSwiftPackageReference "firebase-ios-sdk" */;
			productName = FirebaseAuth;
		};
		04C7B4C92F9A2EAD0013CF9A /* FirebaseAuthCombine-Community */ = {
			isa = XCSwiftPackageProductDependency;
			package = 04C7B4732F9A1A4D0013CF9A /* XCRemoteSwiftPackageReference "firebase-ios-sdk" */;
			productName = "FirebaseAuthCombine-Community";
		};
		04C7B4CB2F9A2EAD0013CF9A /* FirebaseCore */ = {
			isa = XCSwiftPackageProductDependency;
			package = 04C7B4732F9A1A4D0013CF9A /* XCRemoteSwiftPackageReference "firebase-ios-sdk" */;
			productName = FirebaseCore;
		};
		04C7B4CD2F9A2EAD0013CF9A /* FirebaseCrashlytics */ = {
			isa = XCSwiftPackageProductDependency;
			package = 04C7B4732F9A1A4D0013CF9A /* XCRemoteSwiftPackageReference "firebase-ios-sdk" */;
			productName = FirebaseCrashlytics;
		};
		04C7B4CF2F9A2EAD0013CF9A /* FirebaseDatabase */ = {
			isa = XCSwiftPackageProductDependency;
			package = 04C7B4732F9A1A4D0013CF9A /* XCRemoteSwiftPackageReference "firebase-ios-sdk" */;
			productName = FirebaseDatabase;
		};
		04C7B4D12F9A2EAD0013CF9A /* FirebaseFirestore */ = {
			isa = XCSwiftPackageProductDependency;
			package = 04C7B4732F9A1A4D0013CF9A /* XCRemoteSwiftPackageReference "firebase-ios-sdk" */;
			productName = FirebaseFirestore;
		};
		04C7B4D32F9A2EAD0013CF9A /* FirebaseFirestoreCombine-Community */ = {
			isa = XCSwiftPackageProductDependency;
			package = 04C7B4732F9A1A4D0013CF9A /* XCRemoteSwiftPackageReference "firebase-ios-sdk" */;
			productName = "FirebaseFirestoreCombine-Community";
		};
		04C7B4D52F9A2EAD0013CF9A /* FirebaseFunctions */ = {
			isa = XCSwiftPackageProductDependency;
			package = 04C7B4732F9A1A4D0013CF9A /* XCRemoteSwiftPackageReference "firebase-ios-sdk" */;
			productName = FirebaseFunctions;
		};
		04C7B4D72F9A2EAD0013CF9A /* FirebaseFunctionsCombine-Community */ = {
			isa = XCSwiftPackageProductDependency;
			package = 04C7B4732F9A1A4D0013CF9A /* XCRemoteSwiftPackageReference "firebase-ios-sdk" */;
			productName = "FirebaseFunctionsCombine-Community";
		};
		04C7B4D92F9A2EAD0013CF9A /* FirebaseInAppMessaging-Beta */ = {
			isa = XCSwiftPackageProductDependency;
			package = 04C7B4732F9A1A4D0013CF9A /* XCRemoteSwiftPackageReference "firebase-ios-sdk" */;
			productName = "FirebaseInAppMessaging-Beta";
		};
		04C7B4DB2F9A2EAD0013CF9A /* FirebaseInstallations */ = {
			isa = XCSwiftPackageProductDependency;
			package = 04C7B4732F9A1A4D0013CF9A /* XCRemoteSwiftPackageReference "firebase-ios-sdk" */;
			productName = FirebaseInstallations;
		};
		04C7B4DD2F9A2EAD0013CF9A /* FirebaseMLModelDownloader */ = {
			isa = XCSwiftPackageProductDependency;
			package = 04C7B4732F9A1A4D0013CF9A /* XCRemoteSwiftPackageReference "firebase-ios-sdk" */;
			productName = FirebaseMLModelDownloader;
		};
		04C7B4DF2F9A2EAD0013CF9A /* FirebaseMessaging */ = {
			isa = XCSwiftPackageProductDependency;
			package = 04C7B4732F9A1A4D0013CF9A /* XCRemoteSwiftPackageReference "firebase-ios-sdk" */;
			productName = FirebaseMessaging;
		};
		04C7B4E12F9A2EAD0013CF9A /* FirebasePerformance */ = {
			isa = XCSwiftPackageProductDependency;
			package = 04C7B4732F9A1A4D0013CF9A /* XCRemoteSwiftPackageReference "firebase-ios-sdk" */;
			productName = FirebasePerformance;
		};
		04C7B4E32F9A2EAD0013CF9A /* FirebaseRemoteConfig */ = {
			isa = XCSwiftPackageProductDependency;
			package = 04C7B4732F9A1A4D0013CF9A /* XCRemoteSwiftPackageReference "firebase-ios-sdk" */;
			productName = FirebaseRemoteConfig;
		};
		04C7B4E52F9A2EAD0013CF9A /* FirebaseStorage */ = {
			isa = XCSwiftPackageProductDependency;
			package = 04C7B4732F9A1A4D0013CF9A /* XCRemoteSwiftPackageReference "firebase-ios-sdk" */;
			productName = FirebaseStorage;
		};
		04C7B4E72F9A2EAD0013CF9A /* FirebaseStorageCombine-Community */ = {
			isa = XCSwiftPackageProductDependency;
			package = 04C7B4732F9A1A4D0013CF9A /* XCRemoteSwiftPackageReference "firebase-ios-sdk" */;
			productName = "FirebaseStorageCombine-Community";
		};
		04C7B4E92F9A2F700013CF9A /* FirebaseAI */ = {
			isa = XCSwiftPackageProductDependency;
			package = 04C7B4732F9A1A4D0013CF9A /* XCRemoteSwiftPackageReference "firebase-ios-sdk" */;
			productName = FirebaseAI;
		};
		04C7B4EB2F9A2F700013CF9A /* FirebaseAILogic */ = {
			isa = XCSwiftPackageProductDependency;
			package = 04C7B4732F9A1A4D0013CF9A /* XCRemoteSwiftPackageReference "firebase-ios-sdk" */;
			productName = FirebaseAILogic;
		};
		04C7B4ED2F9A2F700013CF9A /* FirebaseAnalytics */ = {
			isa = XCSwiftPackageProductDependency;
			package = 04C7B4732F9A1A4D0013CF9A /* XCRemoteSwiftPackageReference "firebase-ios-sdk" */;
			productName = FirebaseAnalytics;
		};
		04C7B4EF2F9A2F700013CF9A /* FirebaseAnalyticsCore */ = {
			isa = XCSwiftPackageProductDependency;
			package = 04C7B4732F9A1A4D0013CF9A /* XCRemoteSwiftPackageReference "firebase-ios-sdk" */;
			productName = FirebaseAnalyticsCore;
		};
		04C7B4F12F9A2F700013CF9A /* FirebaseAnalyticsIdentitySupport */ = {
			isa = XCSwiftPackageProductDependency;
			package = 04C7B4732F9A1A4D0013CF9A /* XCRemoteSwiftPackageReference "firebase-ios-sdk" */;
			productName = FirebaseAnalyticsIdentitySupport;
		};
		04C7B4F32F9A2F700013CF9A /* FirebaseAppCheck */ = {
			isa = XCSwiftPackageProductDependency;
			package = 04C7B4732F9A1A4D0013CF9A /* XCRemoteSwiftPackageReference "firebase-ios-sdk" */;
			productName = FirebaseAppCheck;
		};
		04C7B4F52F9A2F700013CF9A /* FirebaseAppDistribution-Beta */ = {
			isa = XCSwiftPackageProductDependency;
			package = 04C7B4732F9A1A4D0013CF9A /* XCRemoteSwiftPackageReference "firebase-ios-sdk" */;
			productName = "FirebaseAppDistribution-Beta";
		};
		04C7B4F72F9A2F700013CF9A /* FirebaseAuth */ = {
			isa = XCSwiftPackageProductDependency;
			package = 04C7B4732F9A1A4D0013CF9A /* XCRemoteSwiftPackageReference "firebase-ios-sdk" */;
			productName = FirebaseAuth;
		};
		04C7B4F92F9A2F700013CF9A /* FirebaseAuthCombine-Community */ = {
			isa = XCSwiftPackageProductDependency;
			package = 04C7B4732F9A1A4D0013CF9A /* XCRemoteSwiftPackageReference "firebase-ios-sdk" */;
			productName = "FirebaseAuthCombine-Community";
		};
		04C7B4FB2F9A2F700013CF9A /* FirebaseCore */ = {
			isa = XCSwiftPackageProductDependency;
			package = 04C7B4732F9A1A4D0013CF9A /* XCRemoteSwiftPackageReference "firebase-ios-sdk" */;
			productName = FirebaseCore;
		};
		04C7B4FD2F9A2F700013CF9A /* FirebaseCrashlytics */ = {
			isa = XCSwiftPackageProductDependency;
			package = 04C7B4732F9A1A4D0013CF9A /* XCRemoteSwiftPackageReference "firebase-ios-sdk" */;
			productName = FirebaseCrashlytics;
		};
		04C7B4FF2F9A2F700013CF9A /* FirebaseDatabase */ = {
			isa = XCSwiftPackageProductDependency;
			package = 04C7B4732F9A1A4D0013CF9A /* XCRemoteSwiftPackageReference "firebase-ios-sdk" */;
			productName = FirebaseDatabase;
		};
		04C7B5012F9A2F700013CF9A /* FirebaseFirestore */ = {
			isa = XCSwiftPackageProductDependency;
			package = 04C7B4732F9A1A4D0013CF9A /* XCRemoteSwiftPackageReference "firebase-ios-sdk" */;
			productName = FirebaseFirestore;
		};
		04C7B5032F9A2F700013CF9A /* FirebaseFirestoreCombine-Community */ = {
			isa = XCSwiftPackageProductDependency;
			package = 04C7B4732F9A1A4D0013CF9A /* XCRemoteSwiftPackageReference "firebase-ios-sdk" */;
			productName = "FirebaseFirestoreCombine-Community";
		};
		04C7B5052F9A2F700013CF9A /* FirebaseFunctions */ = {
			isa = XCSwiftPackageProductDependency;
			package = 04C7B4732F9A1A4D0013CF9A /* XCRemoteSwiftPackageReference "firebase-ios-sdk" */;
			productName = FirebaseFunctions;
		};
		04C7B5072F9A2F700013CF9A /* FirebaseFunctionsCombine-Community */ = {
			isa = XCSwiftPackageProductDependency;
			package = 04C7B4732F9A1A4D0013CF9A /* XCRemoteSwiftPackageReference "firebase-ios-sdk" */;
			productName = "FirebaseFunctionsCombine-Community";
		};
		04C7B5092F9A2F700013CF9A /* FirebaseInAppMessaging-Beta */ = {
			isa = XCSwiftPackageProductDependency;
			package = 04C7B4732F9A1A4D0013CF9A /* XCRemoteSwiftPackageReference "firebase-ios-sdk" */;
			productName = "FirebaseInAppMessaging-Beta";
		};
		04C7B50B2F9A2F700013CF9A /* FirebaseInstallations */ = {
			isa = XCSwiftPackageProductDependency;
			package = 04C7B4732F9A1A4D0013CF9A /* XCRemoteSwiftPackageReference "firebase-ios-sdk" */;
			productName = FirebaseInstallations;
		};
		04C7B50D2F9A2F700013CF9A /* FirebaseMessaging */ = {
			isa = XCSwiftPackageProductDependency;
			package = 04C7B4732F9A1A4D0013CF9A /* XCRemoteSwiftPackageReference "firebase-ios-sdk" */;
			productName = FirebaseMessaging;
		};
		04C7B50F2F9A2F700013CF9A /* FirebaseMLModelDownloader */ = {
			isa = XCSwiftPackageProductDependency;
			package = 04C7B4732F9A1A4D0013CF9A /* XCRemoteSwiftPackageReference "firebase-ios-sdk" */;
			productName = FirebaseMLModelDownloader;
		};
		04C7B5112F9A2F700013CF9A /* FirebasePerformance */ = {
			isa = XCSwiftPackageProductDependency;
			package = 04C7B4732F9A1A4D0013CF9A /* XCRemoteSwiftPackageReference "firebase-ios-sdk" */;
			productName = FirebasePerformance;
		};
		04C7B5132F9A2F700013CF9A /* FirebaseRemoteConfig */ = {
			isa = XCSwiftPackageProductDependency;
			package = 04C7B4732F9A1A4D0013CF9A /* XCRemoteSwiftPackageReference "firebase-ios-sdk" */;
			productName = FirebaseRemoteConfig;
		};
		04C7B5152F9A2F700013CF9A /* FirebaseStorage */ = {
			isa = XCSwiftPackageProductDependency;
			package = 04C7B4732F9A1A4D0013CF9A /* XCRemoteSwiftPackageReference "firebase-ios-sdk" */;
			productName = FirebaseStorage;
		};
		04C7B5172F9A2F700013CF9A /* FirebaseStorageCombine-Community */ = {
			isa = XCSwiftPackageProductDependency;
			package = 04C7B4732F9A1A4D0013CF9A /* XCRemoteSwiftPackageReference "firebase-ios-sdk" */;
			productName = "FirebaseStorageCombine-Community";
		};
/* End XCSwiftPackageProductDependency section */
	};
	rootObject = 048A67772F48395400706A2A /* Project object */;
}
